
Microsoft Visual Studio Solution File, Format Version 12.00
# Visual Studio Version 17
VisualStudioVersion = 17.8.34309.116
MinimumVisualStudioVersion = 10.0.40219.1
Project("{888888A0-9F3D-457C-B088-3A5042F75D52}") = "Excelsior Smart Report App", "Excelsior Smart Report App.pyproj", "{3A11142F-8A2A-4D9D-B962-92F4ABB83B59}"
EndProject
Global
	GlobalSection(SolutionConfigurationPlatforms) = preSolution
		Debug|Any CPU = Debug|Any CPU
		Release|Any CPU = Release|Any CPU
	EndGlobalSection
	GlobalSection(ProjectConfigurationPlatforms) = postSolution
		{3A11142F-8A2A-4D9D-B962-92F4ABB83B59}.Debug|Any CPU.ActiveCfg = Debug|Any CPU
		{3A11142F-8A2A-4D9D-B962-92F4ABB83B59}.Debug|Any CPU.Build.0 = Debug|Any CPU
		{3A11142F-8A2A-4D9D-B962-92F4ABB83B59}.Release|Any CPU.ActiveCfg = Release|Any CPU
		{3A11142F-8A2A-4D9D-B962-92F4ABB83B59}.Release|Any CPU.Build.0 = Release|Any CPU
	EndGlobalSection
	GlobalSection(SolutionProperties) = preSolution
		HideSolutionNode = FALSE
	EndGlobalSection
	GlobalSection(ExtensibilityGlobals) = postSolution
		SolutionGuid = {D41235A3-F205-4116-8380-9D0790243DF6}
	EndGlobalSection
EndGlobal
